{
  "version": 4,
  "terraform_version": "0.12.20",
  "serial": 27,
  "lineage": "41c1ea7a-193e-700c-266e-f57fa4a16e76",
  "outputs": {
    "cognito": {
      "value": {
        "client": {
          "allowed_oauth_flows": [],
          "allowed_oauth_flows_user_pool_client": false,
          "allowed_oauth_scopes": [],
          "callback_urls": [],
          "client_secret": "",
          "default_redirect_uri": "",
          "explicit_auth_flows": [],
          "generate_secret": null,
          "id": "3f5pscriaf5kgo6ec3u2pd6r87",
          "logout_urls": [],
          "name": "web",
          "read_attributes": [],
          "refresh_token_validity": 30,
          "supported_identity_providers": [],
          "user_pool_id": "ap-southeast-1_BNen0pNjh",
          "write_attributes": []
        },
        "userPool": "cognito-idp.ap-southeast-1.amazonaws.com/ap-southeast-1_BNen0pNjh"
      },
      "type": [
        "object",
        {
          "client": [
            "object",
            {
              "allowed_oauth_flows": [
                "set",
                "string"
              ],
              "allowed_oauth_flows_user_pool_client": "bool",
              "allowed_oauth_scopes": [
                "set",
                "string"
              ],
              "callback_urls": [
                "list",
                "string"
              ],
              "client_secret": "string",
              "default_redirect_uri": "string",
              "explicit_auth_flows": [
                "set",
                "string"
              ],
              "generate_secret": "bool",
              "id": "string",
              "logout_urls": [
                "list",
                "string"
              ],
              "name": "string",
              "read_attributes": [
                "set",
                "string"
              ],
              "refresh_token_validity": "number",
              "supported_identity_providers": [
                "list",
                "string"
              ],
              "user_pool_id": "string",
              "write_attributes": [
                "set",
                "string"
              ]
            }
          ],
          "userPool": "string"
        }
      ]
    },
    "ddb": {
      "value": {
        "arn": "arn:aws:dynamodb:ap-southeast-1:644386201194:table/freedomEvents",
        "name": "freedomEvents"
      },
      "type": [
        "object",
        {
          "arn": "string",
          "name": "string"
        }
      ]
    },
    "dns": {
      "value": {
        "arn": "arn:aws:dynamodb:ap-southeast-1:644386201194:table/freedomEvents",
        "name": "freedomEvents"
      },
      "type": [
        "object",
        {
          "arn": "string",
          "name": "string"
        }
      ]
    }
  },
  "resources": [
    {
      "mode": "managed",
      "type": "aws_cognito_user_pool",
      "name": "freedom",
      "provider": "provider.aws",
      "instances": [
        {
          "schema_version": 0,
          "attributes": {
            "admin_create_user_config": [
              {
                "allow_admin_create_user_only": false,
                "invite_message_template": [],
                "unused_account_validity_days": 7
              }
            ],
            "alias_attributes": null,
            "arn": "arn:aws:cognito-idp:ap-southeast-1:644386201194:userpool/ap-southeast-1_BNen0pNjh",
            "auto_verified_attributes": [],
            "creation_date": "2020-02-19T03:03:35Z",
            "device_configuration": [],
            "email_configuration": [
              {
                "email_sending_account": "COGNITO_DEFAULT",
                "reply_to_email_address": "",
                "source_arn": ""
              }
            ],
            "email_verification_message": null,
            "email_verification_subject": null,
            "endpoint": "cognito-idp.ap-southeast-1.amazonaws.com/ap-southeast-1_BNen0pNjh",
            "id": "ap-southeast-1_BNen0pNjh",
            "lambda_config": [],
            "last_modified_date": "2020-02-19T03:03:35Z",
            "mfa_configuration": "OFF",
            "name": "freedom",
            "password_policy": [
              {
                "minimum_length": 8,
                "require_lowercase": true,
                "require_numbers": true,
                "require_symbols": true,
                "require_uppercase": true
              }
            ],
            "schema": [],
            "sms_authentication_message": null,
            "sms_configuration": [],
            "sms_verification_message": null,
            "tags": {},
            "user_pool_add_ons": [],
            "username_attributes": null,
            "verification_message_template": [
              {
                "default_email_option": "CONFIRM_WITH_CODE",
                "email_message": "",
                "email_message_by_link": "",
                "email_subject": "",
                "email_subject_by_link": "",
                "sms_message": ""
              }
            ]
          },
          "private": "bnVsbA=="
        }
      ]
    },
    {
      "mode": "managed",
      "type": "aws_cognito_user_pool_client",
      "name": "web",
      "provider": "provider.aws",
      "instances": [
        {
          "schema_version": 0,
          "attributes": {
            "allowed_oauth_flows": [],
            "allowed_oauth_flows_user_pool_client": false,
            "allowed_oauth_scopes": [],
            "callback_urls": [],
            "client_secret": "",
            "default_redirect_uri": "",
            "explicit_auth_flows": [],
            "generate_secret": null,
            "id": "3f5pscriaf5kgo6ec3u2pd6r87",
            "logout_urls": [],
            "name": "web",
            "read_attributes": [],
            "refresh_token_validity": 30,
            "supported_identity_providers": [],
            "user_pool_id": "ap-southeast-1_BNen0pNjh",
            "write_attributes": []
          },
          "private": "bnVsbA==",
          "dependencies": [
            "aws_cognito_user_pool.freedom"
          ]
        }
      ]
    },
    {
      "mode": "managed",
      "type": "aws_dynamodb_table",
      "name": "events",
      "provider": "provider.aws",
      "instances": [
        {
          "schema_version": 1,
          "attributes": {
            "arn": "arn:aws:dynamodb:ap-southeast-1:644386201194:table/freedomEvents",
            "attribute": [
              {
                "name": "at",
                "type": "S"
              },
              {
                "name": "no",
                "type": "S"
              }
            ],
            "billing_mode": "PROVISIONED",
            "global_secondary_index": [],
            "hash_key": "no",
            "id": "freedomEvents",
            "local_secondary_index": [],
            "name": "freedomEvents",
            "point_in_time_recovery": [
              {
                "enabled": false
              }
            ],
            "range_key": "at",
            "read_capacity": 1,
            "server_side_encryption": [],
            "stream_arn": "",
            "stream_enabled": false,
            "stream_label": "",
            "stream_view_type": "",
            "tags": {},
            "timeouts": null,
            "ttl": [
              {
                "attribute_name": "",
                "enabled": false
              }
            ],
            "write_capacity": 1
          },
          "private": "eyJlMmJmYjczMC1lY2FhLTExZTYtOGY4OC0zNDM2M2JjN2M0YzAiOnsiY3JlYXRlIjo2MDAwMDAwMDAwMDAsImRlbGV0ZSI6NjAwMDAwMDAwMDAwLCJ1cGRhdGUiOjM2MDAwMDAwMDAwMDB9LCJzY2hlbWFfdmVyc2lvbiI6IjEifQ=="
        }
      ]
    }
  ]
}
